// !$*UTF8*$!
{
	archiveVersion = 1;
	classes = {
	};
	objectVersion = 51;
	objects = {

/* Begin PBXBuildFile section */
		39187A5B2501191000E0D0D0 /* BeerListViewModel.swift in Sources */ = {isa = PBXBuildFile; fileRef = 39187A5A2501191000E0D0D0 /* BeerListViewModel.swift */; };
		39187A5D2501191B00E0D0D0 /* NetworkingService.swift in Sources */ = {isa = PBXBuildFile; fileRef = 39187A5C2501191B00E0D0D0 /* NetworkingService.swift */; };
		39187A5F2501195600E0D0D0 /* BeerDetailViewModel.swift in Sources */ = {isa = PBXBuildFile; fileRef = 39187A5E2501195600E0D0D0 /* BeerDetailViewModel.swift */; };
		39187A612501196900E0D0D0 /* BeerDetailViewController.swift in Sources */ = {isa = PBXBuildFile; fileRef = 39187A602501196900E0D0D0 /* BeerDetailViewController.swift */; };
		39187A64250119ED00E0D0D0 /* BeerTypeProcessor.swift in Sources */ = {isa = PBXBuildFile; fileRef = 39187A63250119ED00E0D0D0 /* BeerTypeProcessor.swift */; };
		39187A6625011AD900E0D0D0 /* ScaleAspectFitImageView.swift in Sources */ = {isa = PBXBuildFile; fileRef = 39187A6525011AD900E0D0D0 /* ScaleAspectFitImageView.swift */; };
		392A396E25039CB900198CAC /* BeerModel.swift in Sources */ = {isa = PBXBuildFile; fileRef = 392A396D25039CB900198CAC /* BeerModel.swift */; };
		392A39702503A88300198CAC /* BeerListViewModelTest.swift in Sources */ = {isa = PBXBuildFile; fileRef = 392A396F2503A88300198CAC /* BeerListViewModelTest.swift */; };
		392A39722503C4E400198CAC /* BeerTypeProcessorTest.swift in Sources */ = {isa = PBXBuildFile; fileRef = 392A39712503C4E400198CAC /* BeerTypeProcessorTest.swift */; };
		394CE27B25010F1900B3E358 /* AppDelegate.swift in Sources */ = {isa = PBXBuildFile; fileRef = 394CE27A25010F1900B3E358 /* AppDelegate.swift */; };
		394CE27D25010F1900B3E358 /* SceneDelegate.swift in Sources */ = {isa = PBXBuildFile; fileRef = 394CE27C25010F1900B3E358 /* SceneDelegate.swift */; };
		394CE27F25010F1900B3E358 /* BeerListViewController.swift in Sources */ = {isa = PBXBuildFile; fileRef = 394CE27E25010F1900B3E358 /* BeerListViewController.swift */; };
		394CE28425010F1B00B3E358 /* Assets.xcassets in Resources */ = {isa = PBXBuildFile; fileRef = 394CE28325010F1B00B3E358 /* Assets.xcassets */; };
		394CE28725010F1B00B3E358 /* LaunchScreen.storyboard in Resources */ = {isa = PBXBuildFile; fileRef = 394CE28525010F1B00B3E358 /* LaunchScreen.storyboard */; };
		394CE29D25010F2A00B3E358 /* .gitignore in Resources */ = {isa = PBXBuildFile; fileRef = 394CE29C25010F2A00B3E358 /* .gitignore */; };
		70E40BF8D6BED9E4E92D4186 /* Pods_BeersAppTests.framework in Frameworks */ = {isa = PBXBuildFile; fileRef = 662ADB71522235FAD6828DD0 /* Pods_BeersAppTests.framework */; };
		C644438F17379DA451CB6DFE /* Pods_BeersApp.framework in Frameworks */ = {isa = PBXBuildFile; fileRef = DD313C117AC400A57AAE068B /* Pods_BeersApp.framework */; };
/* End PBXBuildFile section */

/* Begin PBXContainerItemProxy section */
		394CE28E25010F1B00B3E358 /* PBXContainerItemProxy */ = {
			isa = PBXContainerItemProxy;
			containerPortal = 394CE26F25010F1900B3E358 /* Project object */;
			proxyType = 1;
			remoteGlobalIDString = 394CE27625010F1900B3E358;
			remoteInfo = BeersApp;
		};
/* End PBXContainerItemProxy section */

/* Begin PBXFileReference section */
		39187A5A2501191000E0D0D0 /* BeerListViewModel.swift */ = {isa = PBXFileReference; lastKnownFileType = sourcecode.swift; path = BeerListViewModel.swift; sourceTree = "<group>"; };
		39187A5C2501191B00E0D0D0 /* NetworkingService.swift */ = {isa = PBXFileReference; lastKnownFileType = sourcecode.swift; path = NetworkingService.swift; sourceTree = "<group>"; };
		39187A5E2501195600E0D0D0 /* BeerDetailViewModel.swift */ = {isa = PBXFileReference; lastKnownFileType = sourcecode.swift; path = BeerDetailViewModel.swift; sourceTree = "<group>"; };
		39187A602501196900E0D0D0 /* BeerDetailViewController.swift */ = {isa = PBXFileReference; lastKnownFileType = sourcecode.swift; path = BeerDetailViewController.swift; sourceTree = "<group>"; };
		39187A63250119ED00E0D0D0 /* BeerTypeProcessor.swift */ = {isa = PBXFileReference; lastKnownFileType = sourcecode.swift; path = BeerTypeProcessor.swift; sourceTree = "<group>"; };
		39187A6525011AD900E0D0D0 /* ScaleAspectFitImageView.swift */ = {isa = PBXFileReference; lastKnownFileType = sourcecode.swift; path = ScaleAspectFitImageView.swift; sourceTree = "<group>"; };
		392A396D25039CB900198CAC /* BeerModel.swift */ = {isa = PBXFileReference; lastKnownFileType = sourcecode.swift; path = BeerModel.swift; sourceTree = "<group>"; };
		392A396F2503A88300198CAC /* BeerListViewModelTest.swift */ = {isa = PBXFileReference; lastKnownFileType = sourcecode.swift; path = BeerListViewModelTest.swift; sourceTree = "<group>"; };
		392A39712503C4E400198CAC /* BeerTypeProcessorTest.swift */ = {isa = PBXFileReference; lastKnownFileType = sourcecode.swift; path = BeerTypeProcessorTest.swift; sourceTree = "<group>"; };
		394CE27725010F1900B3E358 /* BeersApp.app */ = {isa = PBXFileReference; explicitFileType = wrapper.application; includeInIndex = 0; path = BeersApp.app; sourceTree = BUILT_PRODUCTS_DIR; };
		394CE27A25010F1900B3E358 /* AppDelegate.swift */ = {isa = PBXFileReference; lastKnownFileType = sourcecode.swift; path = AppDelegate.swift; sourceTree = "<group>"; };
		394CE27C25010F1900B3E358 /* SceneDelegate.swift */ = {isa = PBXFileReference; lastKnownFileType = sourcecode.swift; path = SceneDelegate.swift; sourceTree = "<group>"; };
		394CE27E25010F1900B3E358 /* BeerListViewController.swift */ = {isa = PBXFileReference; lastKnownFileType = sourcecode.swift; path = BeerListViewController.swift; sourceTree = "<group>"; };
		394CE28325010F1B00B3E358 /* Assets.xcassets */ = {isa = PBXFileReference; lastKnownFileType = folder.assetcatalog; path = Assets.xcassets; sourceTree = "<group>"; };
		394CE28625010F1B00B3E358 /* Base */ = {isa = PBXFileReference; lastKnownFileType = file.storyboard; name = Base; path = Base.lproj/LaunchScreen.storyboard; sourceTree = "<group>"; };
		394CE28825010F1B00B3E358 /* Info.plist */ = {isa = PBXFileReference; lastKnownFileType = text.plist.xml; path = Info.plist; sourceTree = "<group>"; };
		394CE28D25010F1B00B3E358 /* BeersAppTests.xctest */ = {isa = PBXFileReference; explicitFileType = wrapper.cfbundle; includeInIndex = 0; path = BeersAppTests.xctest; sourceTree = BUILT_PRODUCTS_DIR; };
		394CE29325010F1B00B3E358 /* Info.plist */ = {isa = PBXFileReference; lastKnownFileType = text.plist.xml; path = Info.plist; sourceTree = "<group>"; };
		394CE29C25010F2A00B3E358 /* .gitignore */ = {isa = PBXFileReference; fileEncoding = 4; lastKnownFileType = text; path = .gitignore; sourceTree = "<group>"; };
		3A101E9877EC89CC9CD9C527 /* Pods-BeersAppTests.debug.xcconfig */ = {isa = PBXFileReference; includeInIndex = 1; lastKnownFileType = text.xcconfig; name = "Pods-BeersAppTests.debug.xcconfig"; path = "Target Support Files/Pods-BeersAppTests/Pods-BeersAppTests.debug.xcconfig"; sourceTree = "<group>"; };
		662ADB71522235FAD6828DD0 /* Pods_BeersAppTests.framework */ = {isa = PBXFileReference; explicitFileType = wrapper.framework; includeInIndex = 0; path = Pods_BeersAppTests.framework; sourceTree = BUILT_PRODUCTS_DIR; };
		7D327CCE3B01FC306C1BDA4C /* Pods-BeersAppTests.release.xcconfig */ = {isa = PBXFileReference; includeInIndex = 1; lastKnownFileType = text.xcconfig; name = "Pods-BeersAppTests.release.xcconfig"; path = "Target Support Files/Pods-BeersAppTests/Pods-BeersAppTests.release.xcconfig"; sourceTree = "<group>"; };
		8F80FE3BFB85D11C4BFA767B /* Pods-BeersApp.release.xcconfig */ = {isa = PBXFileReference; includeInIndex = 1; lastKnownFileType = text.xcconfig; name = "Pods-BeersApp.release.xcconfig"; path = "Target Support Files/Pods-BeersApp/Pods-BeersApp.release.xcconfig"; sourceTree = "<group>"; };
		B53C323B8DCC5066034DBB62 /* Pods-BeersApp.debug.xcconfig */ = {isa = PBXFileReference; includeInIndex = 1; lastKnownFileType = text.xcconfig; name = "Pods-BeersApp.debug.xcconfig"; path = "Target Support Files/Pods-BeersApp/Pods-BeersApp.debug.xcconfig"; sourceTree = "<group>"; };
		DD313C117AC400A57AAE068B /* Pods_BeersApp.framework */ = {isa = PBXFileReference; explicitFileType = wrapper.framework; includeInIndex = 0; path = Pods_BeersApp.framework; sourceTree = BUILT_PRODUCTS_DIR; };
/* End PBXFileReference section */

/* Begin PBXFrameworksBuildPhase section */
		394CE27425010F1900B3E358 /* Frameworks */ = {
			isa = PBXFrameworksBuildPhase;
			buildActionMask = 2147483647;
			files = (
				C644438F17379DA451CB6DFE /* Pods_BeersApp.framework in Frameworks */,
			);
			runOnlyForDeploymentPostprocessing = 0;
		};
		394CE28A25010F1B00B3E358 /* Frameworks */ = {
			isa = PBXFrameworksBuildPhase;
			buildActionMask = 2147483647;
			files = (
				70E40BF8D6BED9E4E92D4186 /* Pods_BeersAppTests.framework in Frameworks */,
			);
			runOnlyForDeploymentPostprocessing = 0;
		};
/* End PBXFrameworksBuildPhase section */

/* Begin PBXGroup section */
		01005EA9F079F956068BD346 /* Pods */ = {
			isa = PBXGroup;
			children = (
				B53C323B8DCC5066034DBB62 /* Pods-BeersApp.debug.xcconfig */,
				8F80FE3BFB85D11C4BFA767B /* Pods-BeersApp.release.xcconfig */,
				3A101E9877EC89CC9CD9C527 /* Pods-BeersAppTests.debug.xcconfig */,
				7D327CCE3B01FC306C1BDA4C /* Pods-BeersAppTests.release.xcconfig */,
			);
			path = Pods;
			sourceTree = "<group>";
		};
		39187A56250118CB00E0D0D0 /* Service */ = {
			isa = PBXGroup;
			children = (
				39187A5C2501191B00E0D0D0 /* NetworkingService.swift */,
			);
			path = Service;
			sourceTree = "<group>";
		};
		39187A57250118D500E0D0D0 /* ViewModel */ = {
			isa = PBXGroup;
			children = (
				39187A5A2501191000E0D0D0 /* BeerListViewModel.swift */,
				39187A5E2501195600E0D0D0 /* BeerDetailViewModel.swift */,
			);
			path = ViewModel;
			sourceTree = "<group>";
		};
		39187A58250118DB00E0D0D0 /* View */ = {
			isa = PBXGroup;
			children = (
				394CE27E25010F1900B3E358 /* BeerListViewController.swift */,
				39187A602501196900E0D0D0 /* BeerDetailViewController.swift */,
			);
			path = View;
			sourceTree = "<group>";
		};
		39187A59250118F500E0D0D0 /* Support */ = {
			isa = PBXGroup;
			children = (
				39187A6525011AD900E0D0D0 /* ScaleAspectFitImageView.swift */,
			);
			path = Support;
			sourceTree = "<group>";
		};
		39187A622501197500E0D0D0 /* Domain */ = {
			isa = PBXGroup;
			children = (
				39187A63250119ED00E0D0D0 /* BeerTypeProcessor.swift */,
			);
			path = Domain;
			sourceTree = "<group>";
		};
		39187A6725011B0600E0D0D0 /* Model */ = {
			isa = PBXGroup;
			children = (
				392A396D25039CB900198CAC /* BeerModel.swift */,
			);
			path = Model;
			sourceTree = "<group>";
		};
		394CE26E25010F1900B3E358 = {
			isa = PBXGroup;
			children = (
				394CE29C25010F2A00B3E358 /* .gitignore */,
				394CE27925010F1900B3E358 /* BeersApp */,
				394CE29025010F1B00B3E358 /* BeersAppTests */,
				394CE27825010F1900B3E358 /* Products */,
				01005EA9F079F956068BD346 /* Pods */,
				4C16EE95043A04704FBDDFB4 /* Frameworks */,
			);
			sourceTree = "<group>";
		};
		394CE27825010F1900B3E358 /* Products */ = {
			isa = PBXGroup;
			children = (
				394CE27725010F1900B3E358 /* BeersApp.app */,
				394CE28D25010F1B00B3E358 /* BeersAppTests.xctest */,
			);
			name = Products;
			sourceTree = "<group>";
		};
		394CE27925010F1900B3E358 /* BeersApp */ = {
			isa = PBXGroup;
			children = (
				39187A6725011B0600E0D0D0 /* Model */,
				39187A622501197500E0D0D0 /* Domain */,
				39187A59250118F500E0D0D0 /* Support */,
				39187A58250118DB00E0D0D0 /* View */,
				39187A57250118D500E0D0D0 /* ViewModel */,
				39187A56250118CB00E0D0D0 /* Service */,
				394CE27A25010F1900B3E358 /* AppDelegate.swift */,
				394CE27C25010F1900B3E358 /* SceneDelegate.swift */,
				394CE28325010F1B00B3E358 /* Assets.xcassets */,
				394CE28525010F1B00B3E358 /* LaunchScreen.storyboard */,
				394CE28825010F1B00B3E358 /* Info.plist */,
			);
			path = BeersApp;
			sourceTree = "<group>";
		};
		394CE29025010F1B00B3E358 /* BeersAppTests */ = {
			isa = PBXGroup;
			children = (
				394CE29325010F1B00B3E358 /* Info.plist */,
				392A396F2503A88300198CAC /* BeerListViewModelTest.swift */,
				392A39712503C4E400198CAC /* BeerTypeProcessorTest.swift */,
			);
			path = BeersAppTests;
			sourceTree = "<group>";
		};
		4C16EE95043A04704FBDDFB4 /* Frameworks */ = {
			isa = PBXGroup;
			children = (
				DD313C117AC400A57AAE068B /* Pods_BeersApp.framework */,
				662ADB71522235FAD6828DD0 /* Pods_BeersAppTests.framework */,
			);
			name = Frameworks;
			sourceTree = "<group>";
		};
/* End PBXGroup section */

/* Begin PBXNativeTarget section */
		394CE27625010F1900B3E358 /* BeersApp */ = {
			isa = PBXNativeTarget;
			buildConfigurationList = 394CE29625010F1B00B3E358 /* Build configuration list for PBXNativeTarget "BeersApp" */;
			buildPhases = (
				C2DF44518D0EA6BCE171A9D8 /* [CP] Check Pods Manifest.lock */,
				394CE27325010F1900B3E358 /* Sources */,
				394CE27425010F1900B3E358 /* Frameworks */,
				394CE27525010F1900B3E358 /* Resources */,
				8E7650FD07678E174EC98FF0 /* [CP] Embed Pods Frameworks */,
			);
			buildRules = (
			);
			dependencies = (
			);
			name = BeersApp;
			productName = BeersApp;
			productReference = 394CE27725010F1900B3E358 /* BeersApp.app */;
			productType = "com.apple.product-type.application";
		};
		394CE28C25010F1B00B3E358 /* BeersAppTests */ = {
			isa = PBXNativeTarget;
			buildConfigurationList = 394CE29925010F1B00B3E358 /* Build configuration list for PBXNativeTarget "BeersAppTests" */;
			buildPhases = (
				AAA3F4643134CB1D747B7F2A /* [CP] Check Pods Manifest.lock */,
				394CE28925010F1B00B3E358 /* Sources */,
				394CE28A25010F1B00B3E358 /* Frameworks */,
				394CE28B25010F1B00B3E358 /* Resources */,
			);
			buildRules = (
			);
			dependencies = (
				394CE28F25010F1B00B3E358 /* PBXTargetDependency */,
			);
			name = BeersAppTests;
			productName = BeersAppTests;
			productReference = 394CE28D25010F1B00B3E358 /* BeersAppTests.xctest */;
			productType = "com.apple.product-type.bundle.unit-test";
		};
/* End PBXNativeTarget section */

/* Begin PBXProject section */
		394CE26F25010F1900B3E358 /* Project object */ = {
			isa = PBXProject;
			attributes = {
				LastSwiftUpdateCheck = 1130;
				LastUpgradeCheck = 1130;
				ORGANIZATIONNAME = Drop;
				TargetAttributes = {
					394CE27625010F1900B3E358 = {
						CreatedOnToolsVersion = 11.3;
					};
					394CE28C25010F1B00B3E358 = {
						CreatedOnToolsVersion = 11.3;
						TestTargetID = 394CE27625010F1900B3E358;
					};
				};
			};
			buildConfigurationList = 394CE27225010F1900B3E358 /* Build configuration list for PBXProject "BeersApp" */;
			compatibilityVersion = "Xcode 9.3";
			developmentRegion = en;
			hasScannedForEncodings = 0;
			knownRegions = (
				en,
				Base,
			);
			mainGroup = 394CE26E25010F1900B3E358;
			productRefGroup = 394CE27825010F1900B3E358 /* Products */;
			projectDirPath = "";
			projectRoot = "";
			targets = (
				394CE27625010F1900B3E358 /* BeersApp */,
				394CE28C25010F1B00B3E358 /* BeersAppTests */,
			);
		};
/* End PBXProject section */

/* Begin PBXResourcesBuildPhase section */
		394CE27525010F1900B3E358 /* Resources */ = {
			isa = PBXResourcesBuildPhase;
			buildActionMask = 2147483647;
			files = (
				394CE29D25010F2A00B3E358 /* .gitignore in Resources */,
				394CE28725010F1B00B3E358 /* LaunchScreen.storyboard in Resources */,
				394CE28425010F1B00B3E358 /* Assets.xcassets in Resources */,
			);
			runOnlyForDeploymentPostprocessing = 0;
		};
		394CE28B25010F1B00B3E358 /* Resources */ = {
			isa = PBXResourcesBuildPhase;
			buildActionMask = 2147483647;
			files = (
			);
			runOnlyForDeploymentPostprocessing = 0;
		};
/* End PBXResourcesBuildPhase section */

/* Begin PBXShellScriptBuildPhase section */
		8E7650FD07678E174EC98FF0 /* [CP] Embed Pods Frameworks */ = {
			isa = PBXShellScriptBuildPhase;
			buildActionMask = 2147483647;
			files = (
			);
			inputFileListPaths = (
				"${PODS_ROOT}/Target Support Files/Pods-BeersApp/Pods-BeersApp-frameworks-${CONFIGURATION}-input-files.xcfilelist",
			);
			name = "[CP] Embed Pods Frameworks";
			outputFileListPaths = (
				"${PODS_ROOT}/Target Support Files/Pods-BeersApp/Pods-BeersApp-frameworks-${CONFIGURATION}-output-files.xcfilelist",
			);
			runOnlyForDeploymentPostprocessing = 0;
			shellPath = /bin/sh;
			shellScript = "\"${PODS_ROOT}/Target Support Files/Pods-BeersApp/Pods-BeersApp-frameworks.sh\"\n";
			showEnvVarsInLog = 0;
		};
		AAA3F4643134CB1D747B7F2A /* [CP] Check Pods Manifest.lock */ = {
			isa = PBXShellScriptBuildPhase;
			buildActionMask = 2147483647;
			files = (
			);
			inputFileListPaths = (
			);
			inputPaths = (
				"${PODS_PODFILE_DIR_PATH}/Podfile.lock",
				"${PODS_ROOT}/Manifest.lock",
			);
			name = "[CP] Check Pods Manifest.lock";
			outputFileListPaths = (
			);
			outputPaths = (
				"$(DERIVED_FILE_DIR)/Pods-BeersAppTests-checkManifestLockResult.txt",
			);
			runOnlyForDeploymentPostprocessing = 0;
			shellPath = /bin/sh;
			shellScript = "diff \"${PODS_PODFILE_DIR_PATH}/Podfile.lock\" \"${PODS_ROOT}/Manifest.lock\" > /dev/null\nif [ $? != 0 ] ; then\n    # print error to STDERR\n    echo \"error: The sandbox is not in sync with the Podfile.lock. Run 'pod install' or update your CocoaPods installation.\" >&2\n    exit 1\nfi\n# This output is used by Xcode 'outputs' to avoid re-running this script phase.\necho \"SUCCESS\" > \"${SCRIPT_OUTPUT_FILE_0}\"\n";
			showEnvVarsInLog = 0;
		};
		C2DF44518D0EA6BCE171A9D8 /* [CP] Check Pods Manifest.lock */ = {
			isa = PBXShellScriptBuildPhase;
			buildActionMask = 2147483647;
			files = (
			);
			inputFileListPaths = (
			);
			inputPaths = (
				"${PODS_PODFILE_DIR_PATH}/Podfile.lock",
				"${PODS_ROOT}/Manifest.lock",
			);
			name = "[CP] Check Pods Manifest.lock";
			outputFileListPaths = (
			);
			outputPaths = (
				"$(DERIVED_FILE_DIR)/Pods-BeersApp-checkManifestLockResult.txt",
			);
			runOnlyForDeploymentPostprocessing = 0;
			shellPath = /bin/sh;
			shellScript = "diff \"${PODS_PODFILE_DIR_PATH}/Podfile.lock\" \"${PODS_ROOT}/Manifest.lock\" > /dev/null\nif [ $? != 0 ] ; then\n    # print error to STDERR\n    echo \"error: The sandbox is not in sync with the Podfile.lock. Run 'pod install' or update your CocoaPods installation.\" >&2\n    exit 1\nfi\n# This output is used by Xcode 'outputs' to avoid re-running this script phase.\necho \"SUCCESS\" > \"${SCRIPT_OUTPUT_FILE_0}\"\n";
			showEnvVarsInLog = 0;
		};
/* End PBXShellScriptBuildPhase section */

/* Begin PBXSourcesBuildPhase section */
		394CE27325010F1900B3E358 /* Sources */ = {
			isa = PBXSourcesBuildPhase;
			buildActionMask = 2147483647;
			files = (
				39187A612501196900E0D0D0 /* BeerDetailViewController.swift in Sources */,
				39187A5B2501191000E0D0D0 /* BeerListViewModel.swift in Sources */,
				39187A64250119ED00E0D0D0 /* BeerTypeProcessor.swift in Sources */,
				392A396E25039CB900198CAC /* BeerModel.swift in Sources */,
				39187A5F2501195600E0D0D0 /* BeerDetailViewModel.swift in Sources */,
				39187A6625011AD900E0D0D0 /* ScaleAspectFitImageView.swift in Sources */,
				39187A5D2501191B00E0D0D0 /* NetworkingService.swift in Sources */,
				394CE27F25010F1900B3E358 /* BeerListViewController.swift in Sources */,
				394CE27B25010F1900B3E358 /* AppDelegate.swift in Sources */,
				394CE27D25010F1900B3E358 /* SceneDelegate.swift in Sources */,
			);
			runOnlyForDeploymentPostprocessing = 0;
		};
		394CE28925010F1B00B3E358 /* Sources */ = {
			isa = PBXSourcesBuildPhase;
			buildActionMask = 2147483647;
			files = (
				392A39722503C4E400198CAC /* BeerTypeProcessorTest.swift in Sources */,
				392A39702503A88300198CAC /* BeerListViewModelTest.swift in Sources */,
			);
			runOnlyForDeploymentPostprocessing = 0;
		};
/* End PBXSourcesBuildPhase section */

/* Begin PBXTargetDependency section */
		394CE28F25010F1B00B3E358 /* PBXTargetDependency */ = {
			isa = PBXTargetDependency;
			target = 394CE27625010F1900B3E358 /* BeersApp */;
			targetProxy = 394CE28E25010F1B00B3E358 /* PBXContainerItemProxy */;
		};
/* End PBXTargetDependency section */

/* Begin PBXVariantGroup section */
		394CE28525010F1B00B3E358 /* LaunchScreen.storyboard */ = {
			isa = PBXVariantGroup;
			children = (
				394CE28625010F1B00B3E358 /* Base */,
			);
			name = LaunchScreen.storyboard;
			sourceTree = "<group>";
		};
/* End PBXVariantGroup section */

/* Begin XCBuildConfiguration section */
		394CE29425010F1B00B3E358 /* Debug */ = {
			isa = XCBuildConfiguration;
			buildSettings = {
				ALWAYS_SEARCH_USER_PATHS = NO;
				CLANG_ANALYZER_NONNULL = YES;
				CLANG_ANALYZER_NUMBER_OBJECT_CONVERSION = YES_AGGRESSIVE;
				CLANG_CXX_LANGUAGE_STANDARD = "gnu++14";
				CLANG_CXX_LIBRARY = "libc++";
				CLANG_ENABLE_MODULES = YES;
				CLANG_ENABLE_OBJC_ARC = YES;
				CLANG_ENABLE_OBJC_WEAK = YES;
				CLANG_WARN_BLOCK_CAPTURE_AUTORELEASING = YES;
				CLANG_WARN_BOOL_CONVERSION = YES;
				CLANG_WARN_COMMA = YES;
				CLANG_WARN_CONSTANT_CONVERSION = YES;
				CLANG_WARN_DEPRECATED_OBJC_IMPLEMENTATIONS = YES;
				CLANG_WARN_DIRECT_OBJC_ISA_USAGE = YES_ERROR;
				CLANG_WARN_DOCUMENTATION_COMMENTS = YES;
				CLANG_WARN_EMPTY_BODY = YES;
				CLANG_WARN_ENUM_CONVERSION = YES;
				CLANG_WARN_INFINITE_RECURSION = YES;
				CLANG_WARN_INT_CONVERSION = YES;
				CLANG_WARN_NON_LITERAL_NULL_CONVERSION = YES;
				CLANG_WARN_OBJC_IMPLICIT_RETAIN_SELF = YES;
				CLANG_WARN_OBJC_LITERAL_CONVERSION = YES;
				CLANG_WARN_OBJC_ROOT_CLASS = YES_ERROR;
				CLANG_WARN_RANGE_LOOP_ANALYSIS = YES;
				CLANG_WARN_STRICT_PROTOTYPES = YES;
				CLANG_WARN_SUSPICIOUS_MOVE = YES;
				CLANG_WARN_UNGUARDED_AVAILABILITY = YES_AGGRESSIVE;
				CLANG_WARN_UNREACHABLE_CODE = YES;
				CLANG_WARN__DUPLICATE_METHOD_MATCH = YES;
				COPY_PHASE_STRIP = NO;
				DEBUG_INFORMATION_FORMAT = dwarf;
				ENABLE_STRICT_OBJC_MSGSEND = YES;
				ENABLE_TESTABILITY = YES;
				GCC_C_LANGUAGE_STANDARD = gnu11;
				GCC_DYNAMIC_NO_PIC = NO;
				GCC_NO_COMMON_BLOCKS = YES;
				GCC_OPTIMIZATION_LEVEL = 0;
				GCC_PREPROCESSOR_DEFINITIONS = (
					"DEBUG=1",
					"$(inherited)",
				);
				GCC_WARN_64_TO_32_BIT_CONVERSION = YES;
				GCC_WARN_ABOUT_RETURN_TYPE = YES_ERROR;
				GCC_WARN_UNDECLARED_SELECTOR = YES;
				GCC_WARN_UNINITIALIZED_AUTOS = YES_AGGRESSIVE;
				GCC_WARN_UNUSED_FUNCTION = YES;
				GCC_WARN_UNUSED_VARIABLE = YES;
				IPHONEOS_DEPLOYMENT_TARGET = 13.2;
				MTL_ENABLE_DEBUG_INFO = INCLUDE_SOURCE;
				MTL_FAST_MATH = YES;
				ONLY_ACTIVE_ARCH = YES;
				SDKROOT = iphoneos;
				SWIFT_ACTIVE_COMPILATION_CONDITIONS = DEBUG;
				SWIFT_OPTIMIZATION_LEVEL = "-Onone";
			};
			name = Debug;
		};
		394CE29525010F1B00B3E358 /* Release */ = {
			isa = XCBuildConfiguration;
			buildSettings = {
				ALWAYS_SEARCH_USER_PATHS = NO;
				CLANG_ANALYZER_NONNULL = YES;
				CLANG_ANALYZER_NUMBER_OBJECT_CONVERSION = YES_AGGRESSIVE;
				CLANG_CXX_LANGUAGE_STANDARD = "gnu++14";
				CLANG_CXX_LIBRARY = "libc++";
				CLANG_ENABLE_MODULES = YES;
				CLANG_ENABLE_OBJC_ARC = YES;
				CLANG_ENABLE_OBJC_WEAK = YES;
				CLANG_WARN_BLOCK_CAPTURE_AUTORELEASING = YES;
				CLANG_WARN_BOOL_CONVERSION = YES;
				CLANG_WARN_COMMA = YES;
				CLANG_WARN_CONSTANT_CONVERSION = YES;
				CLANG_WARN_DEPRECATED_OBJC_IMPLEMENTATIONS = YES;
				CLANG_WARN_DIRECT_OBJC_ISA_USAGE = YES_ERROR;
				CLANG_WARN_DOCUMENTATION_COMMENTS = YES;
				CLANG_WARN_EMPTY_BODY = YES;
				CLANG_WARN_ENUM_CONVERSION = YES;
				CLANG_WARN_INFINITE_RECURSION = YES;
				CLANG_WARN_INT_CONVERSION = YES;
				CLANG_WARN_NON_LITERAL_NULL_CONVERSION = YES;
				CLANG_WARN_OBJC_IMPLICIT_RETAIN_SELF = YES;
				CLANG_WARN_OBJC_LITERAL_CONVERSION = YES;
				CLANG_WARN_OBJC_ROOT_CLASS = YES_ERROR;
				CLANG_WARN_RANGE_LOOP_ANALYSIS = YES;
				CLANG_WARN_STRICT_PROTOTYPES = YES;
				CLANG_WARN_SUSPICIOUS_MOVE = YES;
				CLANG_WARN_UNGUARDED_AVAILABILITY = YES_AGGRESSIVE;
				CLANG_WARN_UNREACHABLE_CODE = YES;
				CLANG_WARN__DUPLICATE_METHOD_MATCH = YES;
				COPY_PHASE_STRIP = NO;
				DEBUG_INFORMATION_FORMAT = "dwarf-with-dsym";
				ENABLE_NS_ASSERTIONS = NO;
				ENABLE_STRICT_OBJC_MSGSEND = YES;
				GCC_C_LANGUAGE_STANDARD = gnu11;
				GCC_NO_COMMON_BLOCKS = YES;
				GCC_WARN_64_TO_32_BIT_CONVERSION = YES;
				GCC_WARN_ABOUT_RETURN_TYPE = YES_ERROR;
				GCC_WARN_UNDECLARED_SELECTOR = YES;
				GCC_WARN_UNINITIALIZED_AUTOS = YES_AGGRESSIVE;
				GCC_WARN_UNUSED_FUNCTION = YES;
				GCC_WARN_UNUSED_VARIABLE = YES;
				IPHONEOS_DEPLOYMENT_TARGET = 13.2;
				MTL_ENABLE_DEBUG_INFO = NO;
				MTL_FAST_MATH = YES;
				SDKROOT = iphoneos;
				SWIFT_COMPILATION_MODE = wholemodule;
				SWIFT_OPTIMIZATION_LEVEL = "-O";
				VALIDATE_PRODUCT = YES;
			};
			name = Release;
		};
		394CE29725010F1B00B3E358 /* Debug */ = {
			isa = XCBuildConfiguration;
			baseConfigurationReference = B53C323B8DCC5066034DBB62 /* Pods-BeersApp.debug.xcconfig */;
			buildSettings = {
				ASSETCATALOG_COMPILER_APPICON_NAME = AppIcon;
				CODE_SIGN_STYLE = Automatic;
				DEVELOPMENT_TEAM = 2QPYZY5Q25;
				INFOPLIST_FILE = BeersApp/Info.plist;
				LD_RUNPATH_SEARCH_PATHS = (
					"$(inherited)",
					"@executable_path/Frameworks",
				);
				PRODUCT_BUNDLE_IDENTIFIER = com.Drop.lee.BeersApp;
				PRODUCT_NAME = "$(TARGET_NAME)";
				SWIFT_VERSION = 5.0;
				TARGETED_DEVICE_FAMILY = "1,2";
			};
			name = Debug;
		};
		394CE29825010F1B00B3E358 /* Release */ = {
			isa = XCBuildConfiguration;
			baseConfigurationReference = 8F80FE3BFB85D11C4BFA767B /* Pods-BeersApp.release.xcconfig */;
			buildSettings = {
				ASSETCATALOG_COMPILER_APPICON_NAME = AppIcon;
				CODE_SIGN_STYLE = Automatic;
				DEVELOPMENT_TEAM = 2QPYZY5Q25;
				INFOPLIST_FILE = BeersApp/Info.plist;
				LD_RUNPATH_SEARCH_PATHS = (
					"$(inherited)",
					"@executable_path/Frameworks",
				);
				PRODUCT_BUNDLE_IDENTIFIER = com.Drop.lee.BeersApp;
				PRODUCT_NAME = "$(TARGET_NAME)";
				SWIFT_VERSION = 5.0;
				TARGETED_DEVICE_FAMILY = "1,2";
			};
			name = Release;
		};
		394CE29A25010F1B00B3E358 /* Debug */ = {
			isa = XCBuildConfiguration;
			baseConfigurationReference = 3A101E9877EC89CC9CD9C527 /* Pods-BeersAppTests.debug.xcconfig */;
			buildSettings = {
				ALWAYS_EMBED_SWIFT_STANDARD_LIBRARIES = YES;
				BUNDLE_LOADER = "$(TEST_HOST)";
				CODE_SIGN_STYLE = Automatic;
				DEVELOPMENT_TEAM = 2QPYZY5Q25;
				INFOPLIST_FILE = BeersAppTests/Info.plist;
				IPHONEOS_DEPLOYMENT_TARGET = 13.2;
				LD_RUNPATH_SEARCH_PATHS = (
					"$(inherited)",
					"@executable_path/Frameworks",
					"@loader_path/Frameworks",
				);
				PRODUCT_BUNDLE_IDENTIFIER = com.Drop.lee.BeersAppTests;
				PRODUCT_NAME = "$(TARGET_NAME)";
				SWIFT_VERSION = 5.0;
				TARGETED_DEVICE_FAMILY = "1,2";
				TEST_HOST = "$(BUILT_PRODUCTS_DIR)/BeersApp.app/BeersApp";
			};
			name = Debug;
		};
		394CE29B25010F1B00B3E358 /* Release */ = {
			isa = XCBuildConfiguration;
			baseConfigurationReference = 7D327CCE3B01FC306C1BDA4C /* Pods-BeersAppTests.release.xcconfig */;
			buildSettings = {
				ALWAYS_EMBED_SWIFT_STANDARD_LIBRARIES = YES;
				BUNDLE_LOADER = "$(TEST_HOST)";
				CODE_SIGN_STYLE = Automatic;
				DEVELOPMENT_TEAM = 2QPYZY5Q25;
				INFOPLIST_FILE = BeersAppTests/Info.plist;
				IPHONEOS_DEPLOYMENT_TARGET = 13.2;
				LD_RUNPATH_SEARCH_PATHS = (
					"$(inherited)",
					"@executable_path/Frameworks",
					"@loader_path/Frameworks",
				);
				PRODUCT_BUNDLE_IDENTIFIER = com.Drop.lee.BeersAppTests;
				PRODUCT_NAME = "$(TARGET_NAME)";
				SWIFT_VERSION = 5.0;
				TARGETED_DEVICE_FAMILY = "1,2";
				TEST_HOST = "$(BUILT_PRODUCTS_DIR)/BeersApp.app/BeersApp";
			};
			name = Release;
		};
/* End XCBuildConfiguration section */

/* Begin XCConfigurationList section */
		394CE27225010F1900B3E358 /* Build configuration list for PBXProject "BeersApp" */ = {
			isa = XCConfigurationList;
			buildConfigurations = (
				394CE29425010F1B00B3E358 /* Debug */,
				394CE29525010F1B00B3E358 /* Release */,
			);
			defaultConfigurationIsVisible = 0;
			defaultConfigurationName = Release;
		};
		394CE29625010F1B00B3E358 /* Build configuration list for PBXNativeTarget "BeersApp" */ = {
			isa = XCConfigurationList;
			buildConfigurations = (
				394CE29725010F1B00B3E358 /* Debug */,
				394CE29825010F1B00B3E358 /* Release */,
			);
			defaultConfigurationIsVisible = 0;
			defaultConfigurationName = Release;
		};
		394CE29925010F1B00B3E358 /* Build configuration list for PBXNativeTarget "BeersAppTests" */ = {
			isa = XCConfigurationList;
			buildConfigurations = (
				394CE29A25010F1B00B3E358 /* Debug */,
				394CE29B25010F1B00B3E358 /* Release */,
			);
			defaultConfigurationIsVisible = 0;
			defaultConfigurationName = Release;
		};
/* End XCConfigurationList section */
	};
	rootObject = 394CE26F25010F1900B3E358 /* Project object */;
}
